
Microsoft Visual Studio Solution File, Format Version 12.00
# Visual Studio Version 16
VisualStudioVersion = 16.0.32106.194
MinimumVisualStudioVersion = 10.0.40219.1
Project("{FAE04EC0-301F-11D3-BF4B-00C04F79EFBC}") = "Batdiq", "Batdiq\Batdiq.csproj", "{0E4463D0-D606-4BB0-A610-C2513066B6CD}"
EndProject
Global
	GlobalSection(SolutionConfigurationPlatforms) = preSolution
		Debug|Any CPU = Debug|Any CPU
		Release|Any CPU = Release|Any CPU
	EndGlobalSection
	GlobalSection(ProjectConfigurationPlatforms) = postSolution
		{0E4463D0-D606-4BB0-A610-C2513066B6CD}.Debug|Any CPU.ActiveCfg = Debug|Any CPU
		{0E4463D0-D606-4BB0-A610-C2513066B6CD}.Debug|Any CPU.Build.0 = Debug|Any CPU
		{0E4463D0-D606-4BB0-A610-C2513066B6CD}.Release|Any CPU.ActiveCfg = Release|Any CPU
		{0E4463D0-D606-4BB0-A610-C2513066B6CD}.Release|Any CPU.Build.0 = Release|Any CPU
	EndGlobalSection
	GlobalSection(SolutionProperties) = preSolution
		HideSolutionNode = FALSE
	EndGlobalSection
	GlobalSection(ExtensibilityGlobals) = postSolution
		SolutionGuid = {B2EC8BA3-9F87-4791-A27C-0D187FB3C520}
	EndGlobalSection
EndGlobal
